
Microsoft Visual Studio Solution File, Format Version 12.00
# Visual Studio Version 17
VisualStudioVersion = 17.9.34723.18
MinimumVisualStudioVersion = 10.0.40219.1
Project("{FAE04EC0-301F-11D3-BF4B-00C04F79EFBC}") = "ZooDemo", "ZooDemo\ZooDemo.csproj", "{883048EF-3B21-40D7-B700-BDC9B5E13C61}"
EndProject
Project("{FAE04EC0-301F-11D3-BF4B-00C04F79EFBC}") = "ZooDemoAPI", "ZooDemoAPI\ZooDemoAPI.csproj", "{5F6635C9-80F4-4158-8347-7C93991EF1E8}"
EndProject
Global
	GlobalSection(SolutionConfigurationPlatforms) = preSolution
		Debug|Any CPU = Debug|Any CPU
		Release|Any CPU = Release|Any CPU
	EndGlobalSection
	GlobalSection(ProjectConfigurationPlatforms) = postSolution
		{883048EF-3B21-40D7-B700-BDC9B5E13C61}.Debug|Any CPU.ActiveCfg = Debug|Any CPU
		{883048EF-3B21-40D7-B700-BDC9B5E13C61}.Debug|Any CPU.Build.0 = Debug|Any CPU
		{883048EF-3B21-40D7-B700-BDC9B5E13C61}.Release|Any CPU.ActiveCfg = Release|Any CPU
		{883048EF-3B21-40D7-B700-BDC9B5E13C61}.Release|Any CPU.Build.0 = Release|Any CPU
		{5F6635C9-80F4-4158-8347-7C93991EF1E8}.Debug|Any CPU.ActiveCfg = Debug|Any CPU
		{5F6635C9-80F4-4158-8347-7C93991EF1E8}.Debug|Any CPU.Build.0 = Debug|Any CPU
		{5F6635C9-80F4-4158-8347-7C93991EF1E8}.Release|Any CPU.ActiveCfg = Release|Any CPU
		{5F6635C9-80F4-4158-8347-7C93991EF1E8}.Release|Any CPU.Build.0 = Release|Any CPU
	EndGlobalSection
	GlobalSection(SolutionProperties) = preSolution
		HideSolutionNode = FALSE
	EndGlobalSection
	GlobalSection(ExtensibilityGlobals) = postSolution
		SolutionGuid = {2CF21EF6-579B-4E66-BC22-4A4F203B76A0}
	EndGlobalSection
EndGlobal
